
Microsoft Visual Studio Solution File, Format Version 12.00
# Visual Studio Version 16
VisualStudioVersion = 16.0.28803.156
MinimumVisualStudioVersion = 10.0.40219.1
Project("{FAE04EC0-301F-11D3-BF4B-00C04F79EFBC}") = "BMI_170551.Android", "BMI_170551\BMI_170551.Android\BMI_170551.Android.csproj", "{81A721D9-081F-4980-BB72-0EF04DC065AF}"
EndProject
Project("{FAE04EC0-301F-11D3-BF4B-00C04F79EFBC}") = "BMI_170551.iOS", "BMI_170551\BMI_170551.iOS\BMI_170551.iOS.csproj", "{C1F8E399-D25E-498C-88B4-ED0E69E17779}"
EndProject
Project("{FAE04EC0-301F-11D3-BF4B-00C04F79EFBC}") = "BMI_170551", "BMI_170551\BMI_170551\BMI_170551.csproj", "{7B2DB0AE-F168-4CA9-9197-3A74E1DC926C}"
EndProject
Global
	GlobalSection(SolutionConfigurationPlatforms) = preSolution
		Debug|Any CPU = Debug|Any CPU
		Debug|iPhone = Debug|iPhone
		Debug|iPhoneSimulator = Debug|iPhoneSimulator
		Release|Any CPU = Release|Any CPU
		Release|iPhone = Release|iPhone
		Release|iPhoneSimulator = Release|iPhoneSimulator
	EndGlobalSection
	GlobalSection(ProjectConfigurationPlatforms) = postSolution
		{81A721D9-081F-4980-BB72-0EF04DC065AF}.Debug|Any CPU.ActiveCfg = Debug|Any CPU
		{81A721D9-081F-4980-BB72-0EF04DC065AF}.Debug|Any CPU.Build.0 = Debug|Any CPU
		{81A721D9-081F-4980-BB72-0EF04DC065AF}.Debug|Any CPU.Deploy.0 = Debug|Any CPU
		{81A721D9-081F-4980-BB72-0EF04DC065AF}.Debug|iPhone.ActiveCfg = Debug|Any CPU
		{81A721D9-081F-4980-BB72-0EF04DC065AF}.Debug|iPhone.Build.0 = Debug|Any CPU
		{81A721D9-081F-4980-BB72-0EF04DC065AF}.Debug|iPhone.Deploy.0 = Debug|Any CPU
		{81A721D9-081F-4980-BB72-0EF04DC065AF}.Debug|iPhoneSimulator.ActiveCfg = Debug|Any CPU
		{81A721D9-081F-4980-BB72-0EF04DC065AF}.Debug|iPhoneSimulator.Build.0 = Debug|Any CPU
		{81A721D9-081F-4980-BB72-0EF04DC065AF}.Debug|iPhoneSimulator.Deploy.0 = Debug|Any CPU
		{81A721D9-081F-4980-BB72-0EF04DC065AF}.Release|Any CPU.ActiveCfg = Release|Any CPU
		{81A721D9-081F-4980-BB72-0EF04DC065AF}.Release|Any CPU.Build.0 = Release|Any CPU
		{81A721D9-081F-4980-BB72-0EF04DC065AF}.Release|Any CPU.Deploy.0 = Release|Any CPU
		{81A721D9-081F-4980-BB72-0EF04DC065AF}.Release|iPhone.ActiveCfg = Release|Any CPU
		{81A721D9-081F-4980-BB72-0EF04DC065AF}.Release|iPhone.Build.0 = Release|Any CPU
		{81A721D9-081F-4980-BB72-0EF04DC065AF}.Release|iPhone.Deploy.0 = Release|Any CPU
		{81A721D9-081F-4980-BB72-0EF04DC065AF}.Release|iPhoneSimulator.ActiveCfg = Release|Any CPU
		{81A721D9-081F-4980-BB72-0EF04DC065AF}.Release|iPhoneSimulator.Build.0 = Release|Any CPU
		{81A721D9-081F-4980-BB72-0EF04DC065AF}.Release|iPhoneSimulator.Deploy.0 = Release|Any CPU
		{C1F8E399-D25E-498C-88B4-ED0E69E17779}.Debug|Any CPU.ActiveCfg = Debug|iPhoneSimulator
		{C1F8E399-D25E-498C-88B4-ED0E69E17779}.Debug|Any CPU.Build.0 = Debug|iPhoneSimulator
		{C1F8E399-D25E-498C-88B4-ED0E69E17779}.Debug|Any CPU.Deploy.0 = Debug|iPhoneSimulator
		{C1F8E399-D25E-498C-88B4-ED0E69E17779}.Debug|iPhone.ActiveCfg = Debug|iPhone
		{C1F8E399-D25E-498C-88B4-ED0E69E17779}.Debug|iPhone.Build.0 = Debug|iPhone
		{C1F8E399-D25E-498C-88B4-ED0E69E17779}.Debug|iPhone.Deploy.0 = Debug|iPhone
		{C1F8E399-D25E-498C-88B4-ED0E69E17779}.Debug|iPhoneSimulator.ActiveCfg = Debug|iPhoneSimulator
		{C1F8E399-D25E-498C-88B4-ED0E69E17779}.Debug|iPhoneSimulator.Build.0 = Debug|iPhoneSimulator
		{C1F8E399-D25E-498C-88B4-ED0E69E17779}.Debug|iPhoneSimulator.Deploy.0 = Debug|iPhoneSimulator
		{C1F8E399-D25E-498C-88B4-ED0E69E17779}.Release|Any CPU.ActiveCfg = Release|iPhone
		{C1F8E399-D25E-498C-88B4-ED0E69E17779}.Release|Any CPU.Build.0 = Release|iPhone
		{C1F8E399-D25E-498C-88B4-ED0E69E17779}.Release|Any CPU.Deploy.0 = Release|iPhone
		{C1F8E399-D25E-498C-88B4-ED0E69E17779}.Release|iPhone.ActiveCfg = Release|iPhone
		{C1F8E399-D25E-498C-88B4-ED0E69E17779}.Release|iPhone.Build.0 = Release|iPhone
		{C1F8E399-D25E-498C-88B4-ED0E69E17779}.Release|iPhone.Deploy.0 = Release|iPhone
		{C1F8E399-D25E-498C-88B4-ED0E69E17779}.Release|iPhoneSimulator.ActiveCfg = Release|iPhoneSimulator
		{C1F8E399-D25E-498C-88B4-ED0E69E17779}.Release|iPhoneSimulator.Build.0 = Release|iPhoneSimulator
		{C1F8E399-D25E-498C-88B4-ED0E69E17779}.Release|iPhoneSimulator.Deploy.0 = Release|iPhoneSimulator
		{7B2DB0AE-F168-4CA9-9197-3A74E1DC926C}.Debug|Any CPU.ActiveCfg = Debug|Any CPU
		{7B2DB0AE-F168-4CA9-9197-3A74E1DC926C}.Debug|Any CPU.Build.0 = Debug|Any CPU
		{7B2DB0AE-F168-4CA9-9197-3A74E1DC926C}.Debug|Any CPU.Deploy.0 = Debug|Any CPU
		{7B2DB0AE-F168-4CA9-9197-3A74E1DC926C}.Debug|iPhone.ActiveCfg = Debug|Any CPU
		{7B2DB0AE-F168-4CA9-9197-3A74E1DC926C}.Debug|iPhone.Build.0 = Debug|Any CPU
		{7B2DB0AE-F168-4CA9-9197-3A74E1DC926C}.Debug|iPhone.Deploy.0 = Debug|Any CPU
		{7B2DB0AE-F168-4CA9-9197-3A74E1DC926C}.Debug|iPhoneSimulator.ActiveCfg = Debug|Any CPU
		{7B2DB0AE-F168-4CA9-9197-3A74E1DC926C}.Debug|iPhoneSimulator.Build.0 = Debug|Any CPU
		{7B2DB0AE-F168-4CA9-9197-3A74E1DC926C}.Debug|iPhoneSimulator.Deploy.0 = Debug|Any CPU
		{7B2DB0AE-F168-4CA9-9197-3A74E1DC926C}.Release|Any CPU.ActiveCfg = Release|Any CPU
		{7B2DB0AE-F168-4CA9-9197-3A74E1DC926C}.Release|Any CPU.Build.0 = Release|Any CPU
		{7B2DB0AE-F168-4CA9-9197-3A74E1DC926C}.Release|Any CPU.Deploy.0 = Release|Any CPU
		{7B2DB0AE-F168-4CA9-9197-3A74E1DC926C}.Release|iPhone.ActiveCfg = Release|Any CPU
		{7B2DB0AE-F168-4CA9-9197-3A74E1DC926C}.Release|iPhone.Build.0 = Release|Any CPU
		{7B2DB0AE-F168-4CA9-9197-3A74E1DC926C}.Release|iPhone.Deploy.0 = Release|Any CPU
		{7B2DB0AE-F168-4CA9-9197-3A74E1DC926C}.Release|iPhoneSimulator.ActiveCfg = Release|Any CPU
		{7B2DB0AE-F168-4CA9-9197-3A74E1DC926C}.Release|iPhoneSimulator.Build.0 = Release|Any CPU
		{7B2DB0AE-F168-4CA9-9197-3A74E1DC926C}.Release|iPhoneSimulator.Deploy.0 = Release|Any CPU
	EndGlobalSection
	GlobalSection(SolutionProperties) = preSolution
		HideSolutionNode = FALSE
	EndGlobalSection
	GlobalSection(ExtensibilityGlobals) = postSolution
		SolutionGuid = {6DE7EDFD-53B7-4449-8BD9-DB3D12CB7F6B}
	EndGlobalSection
EndGlobal
